
Microsoft Visual Studio Solution File, Format Version 10.00
# Visual Studio 2008
Project("{F184B08F-C81C-45F6-A57F-5ABD9991F28F}") = "Chapter001", "Chapter001\Chapter001.vbproj", "{2EA2BC0A-80E1-4AE5-9F92-F31FA450615F}"
EndProject
Project("{F184B08F-C81C-45F6-A57F-5ABD9991F28F}") = "Chapter002", "Chapter002\Chapter002.vbproj", "{6F9025DA-0E57-4780-864F-84DD3F80116B}"
EndProject
Project("{F184B08F-C81C-45F6-A57F-5ABD9991F28F}") = "Chapter003", "Chapter003\Chapter003.vbproj", "{9E78A83E-6D37-4901-893E-CC88C662A1EA}"
EndProject
Project("{F184B08F-C81C-45F6-A57F-5ABD9991F28F}") = "Chapter004", "Chapter004\Chapter004.vbproj", "{82133E30-B3B3-4A06-9A4C-E682C4280A27}"
EndProject
Project("{F184B08F-C81C-45F6-A57F-5ABD9991F28F}") = "Chapter005", "Chapter005\Chapter005.vbproj", "{F9497481-EE0C-4167-B847-DA9A3D6F609F}"
EndProject
Project("{F184B08F-C81C-45F6-A57F-5ABD9991F28F}") = "Chapter008", "Chapter008\Chapter008.vbproj", "{C09BA9D7-CF54-41BC-A65E-AE2CF25627EC}"
EndProject
Project("{F184B08F-C81C-45F6-A57F-5ABD9991F28F}") = "Chapter009", "Chapter009\Chapter009.vbproj", "{C90EAF32-8560-462B-8390-D599C59B745F}"
EndProject
Project("{F184B08F-C81C-45F6-A57F-5ABD9991F28F}") = "Chapter006", "Chapter006\Chapter006.vbproj", "{92CE4B2A-A66D-442D-861B-1486ACD7055A}"
EndProject
Project("{F184B08F-C81C-45F6-A57F-5ABD9991F28F}") = "Chapter007", "Chapter007\Chapter007.vbproj", "{FE449C3C-B2E1-4C28-BE21-7C0F41FECC60}"
EndProject
Project("{F184B08F-C81C-45F6-A57F-5ABD9991F28F}") = "Chapter010", "Chapter010\Chapter010.vbproj", "{3B734E8D-7961-426E-BB3A-B91316EF6074}"
EndProject
Project("{F184B08F-C81C-45F6-A57F-5ABD9991F28F}") = "Chapter011", "Chapter011\Chapter011.vbproj", "{212CF3B4-FB6B-48BF-8DFF-0489BDF6372E}"
EndProject
Project("{F184B08F-C81C-45F6-A57F-5ABD9991F28F}") = "Chapter012", "Chapter012\Chapter012.vbproj", "{077B9B42-0820-496A-AE1A-71B948358170}"
EndProject
Project("{F184B08F-C81C-45F6-A57F-5ABD9991F28F}") = "Chapter013", "Chapter013\Chapter013.vbproj", "{57B76C89-83CE-402D-B877-8506E6421D86}"
EndProject
Project("{F184B08F-C81C-45F6-A57F-5ABD9991F28F}") = "Chapter014", "Chapter014\Chapter014.vbproj", "{712A54B1-822F-4A8F-88D0-4D034A0F1FB7}"
EndProject
Project("{F184B08F-C81C-45F6-A57F-5ABD9991F28F}") = "Chapter015", "Chapter015\Chapter015.vbproj", "{E8791D73-F6CE-4C1B-9135-CB001AEABE2D}"
EndProject
Project("{F184B08F-C81C-45F6-A57F-5ABD9991F28F}") = "Chapter016", "Chapter016\Chapter016.vbproj", "{950BD6A2-80CC-477D-880B-DE1B1B0024CA}"
EndProject
Global
	GlobalSection(SolutionConfigurationPlatforms) = preSolution
		Debug|x86 = Debug|x86
		Release|x86 = Release|x86
	EndGlobalSection
	GlobalSection(ProjectConfigurationPlatforms) = postSolution
		{077B9B42-0820-496A-AE1A-71B948358170}.Debug|x86.ActiveCfg = Debug|x86
		{077B9B42-0820-496A-AE1A-71B948358170}.Debug|x86.Build.0 = Debug|x86
		{077B9B42-0820-496A-AE1A-71B948358170}.Release|x86.ActiveCfg = Release|x86
		{077B9B42-0820-496A-AE1A-71B948358170}.Release|x86.Build.0 = Release|x86
		{212CF3B4-FB6B-48BF-8DFF-0489BDF6372E}.Debug|x86.ActiveCfg = Debug|x86
		{212CF3B4-FB6B-48BF-8DFF-0489BDF6372E}.Debug|x86.Build.0 = Debug|x86
		{212CF3B4-FB6B-48BF-8DFF-0489BDF6372E}.Release|x86.ActiveCfg = Release|x86
		{212CF3B4-FB6B-48BF-8DFF-0489BDF6372E}.Release|x86.Build.0 = Release|x86
		{2EA2BC0A-80E1-4AE5-9F92-F31FA450615F}.Debug|x86.ActiveCfg = Debug|x86
		{2EA2BC0A-80E1-4AE5-9F92-F31FA450615F}.Debug|x86.Build.0 = Debug|x86
		{2EA2BC0A-80E1-4AE5-9F92-F31FA450615F}.Release|x86.ActiveCfg = Release|x86
		{2EA2BC0A-80E1-4AE5-9F92-F31FA450615F}.Release|x86.Build.0 = Release|x86
		{3B734E8D-7961-426E-BB3A-B91316EF6074}.Debug|x86.ActiveCfg = Debug|x86
		{3B734E8D-7961-426E-BB3A-B91316EF6074}.Debug|x86.Build.0 = Debug|x86
		{3B734E8D-7961-426E-BB3A-B91316EF6074}.Release|x86.ActiveCfg = Release|x86
		{3B734E8D-7961-426E-BB3A-B91316EF6074}.Release|x86.Build.0 = Release|x86
		{57B76C89-83CE-402D-B877-8506E6421D86}.Debug|x86.ActiveCfg = Debug|x86
		{57B76C89-83CE-402D-B877-8506E6421D86}.Debug|x86.Build.0 = Debug|x86
		{57B76C89-83CE-402D-B877-8506E6421D86}.Release|x86.ActiveCfg = Release|x86
		{57B76C89-83CE-402D-B877-8506E6421D86}.Release|x86.Build.0 = Release|x86
		{6F9025DA-0E57-4780-864F-84DD3F80116B}.Debug|x86.ActiveCfg = Debug|x86
		{6F9025DA-0E57-4780-864F-84DD3F80116B}.Debug|x86.Build.0 = Debug|x86
		{6F9025DA-0E57-4780-864F-84DD3F80116B}.Release|x86.ActiveCfg = Release|x86
		{6F9025DA-0E57-4780-864F-84DD3F80116B}.Release|x86.Build.0 = Release|x86
		{712A54B1-822F-4A8F-88D0-4D034A0F1FB7}.Debug|x86.ActiveCfg = Debug|x86
		{712A54B1-822F-4A8F-88D0-4D034A0F1FB7}.Debug|x86.Build.0 = Debug|x86
		{712A54B1-822F-4A8F-88D0-4D034A0F1FB7}.Release|x86.ActiveCfg = Release|x86
		{712A54B1-822F-4A8F-88D0-4D034A0F1FB7}.Release|x86.Build.0 = Release|x86
		{82133E30-B3B3-4A06-9A4C-E682C4280A27}.Debug|x86.ActiveCfg = Debug|x86
		{82133E30-B3B3-4A06-9A4C-E682C4280A27}.Debug|x86.Build.0 = Debug|x86
		{82133E30-B3B3-4A06-9A4C-E682C4280A27}.Release|x86.ActiveCfg = Release|x86
		{82133E30-B3B3-4A06-9A4C-E682C4280A27}.Release|x86.Build.0 = Release|x86
		{92CE4B2A-A66D-442D-861B-1486ACD7055A}.Debug|x86.ActiveCfg = Debug|x86
		{92CE4B2A-A66D-442D-861B-1486ACD7055A}.Debug|x86.Build.0 = Debug|x86
		{92CE4B2A-A66D-442D-861B-1486ACD7055A}.Release|x86.ActiveCfg = Release|x86
		{92CE4B2A-A66D-442D-861B-1486ACD7055A}.Release|x86.Build.0 = Release|x86
		{950BD6A2-80CC-477D-880B-DE1B1B0024CA}.Debug|x86.ActiveCfg = Debug|x86
		{950BD6A2-80CC-477D-880B-DE1B1B0024CA}.Debug|x86.Build.0 = Debug|x86
		{950BD6A2-80CC-477D-880B-DE1B1B0024CA}.Release|x86.ActiveCfg = Release|x86
		{950BD6A2-80CC-477D-880B-DE1B1B0024CA}.Release|x86.Build.0 = Release|x86
		{9E78A83E-6D37-4901-893E-CC88C662A1EA}.Debug|x86.ActiveCfg = Debug|x86
		{9E78A83E-6D37-4901-893E-CC88C662A1EA}.Debug|x86.Build.0 = Debug|x86
		{9E78A83E-6D37-4901-893E-CC88C662A1EA}.Release|x86.ActiveCfg = Release|x86
		{9E78A83E-6D37-4901-893E-CC88C662A1EA}.Release|x86.Build.0 = Release|x86
		{C09BA9D7-CF54-41BC-A65E-AE2CF25627EC}.Debug|x86.ActiveCfg = Debug|x86
		{C09BA9D7-CF54-41BC-A65E-AE2CF25627EC}.Debug|x86.Build.0 = Debug|x86
		{C09BA9D7-CF54-41BC-A65E-AE2CF25627EC}.Release|x86.ActiveCfg = Release|x86
		{C09BA9D7-CF54-41BC-A65E-AE2CF25627EC}.Release|x86.Build.0 = Release|x86
		{C90EAF32-8560-462B-8390-D599C59B745F}.Debug|x86.ActiveCfg = Debug|x86
		{C90EAF32-8560-462B-8390-D599C59B745F}.Debug|x86.Build.0 = Debug|x86
		{C90EAF32-8560-462B-8390-D599C59B745F}.Release|x86.ActiveCfg = Release|x86
		{C90EAF32-8560-462B-8390-D599C59B745F}.Release|x86.Build.0 = Release|x86
		{E8791D73-F6CE-4C1B-9135-CB001AEABE2D}.Debug|x86.ActiveCfg = Debug|x86
		{E8791D73-F6CE-4C1B-9135-CB001AEABE2D}.Debug|x86.Build.0 = Debug|x86
		{E8791D73-F6CE-4C1B-9135-CB001AEABE2D}.Release|x86.ActiveCfg = Release|x86
		{E8791D73-F6CE-4C1B-9135-CB001AEABE2D}.Release|x86.Build.0 = Release|x86
		{F9497481-EE0C-4167-B847-DA9A3D6F609F}.Debug|x86.ActiveCfg = Debug|x86
		{F9497481-EE0C-4167-B847-DA9A3D6F609F}.Debug|x86.Build.0 = Debug|x86
		{F9497481-EE0C-4167-B847-DA9A3D6F609F}.Release|x86.ActiveCfg = Release|x86
		{F9497481-EE0C-4167-B847-DA9A3D6F609F}.Release|x86.Build.0 = Release|x86
		{FE449C3C-B2E1-4C28-BE21-7C0F41FECC60}.Debug|x86.ActiveCfg = Debug|x86
		{FE449C3C-B2E1-4C28-BE21-7C0F41FECC60}.Debug|x86.Build.0 = Debug|x86
		{FE449C3C-B2E1-4C28-BE21-7C0F41FECC60}.Release|x86.ActiveCfg = Release|x86
		{FE449C3C-B2E1-4C28-BE21-7C0F41FECC60}.Release|x86.Build.0 = Release|x86
	EndGlobalSection
	GlobalSection(MonoDevelopProperties) = preSolution
		StartupItem = Chapter001\Chapter001.vbproj
	EndGlobalSection
EndGlobal
